# This file is automatically @generated by Poetry 1.8.3 and should not be changed by hand.

[[package]]
name = "argparse3"
version = "0.0.0"
description = ""
optional = false
python-versions = "*"
files = [
    {file = "argparse3-0.0.0-py3-none-any.whl", hash = "sha256:e533d629b571c88738c65fad3a479205bf3bba527ad4bc68c7528ba7e2680a6c"},
    {file = "argparse3-0.0.0.tar.gz", hash = "sha256:d0f225f186b9dbd3ec86139d72b860669197e429d30e2b03f5c0fb7fd8ee1f29"},
]

[metadata]
lock-version = "2.0"
python-versions = "^3.10"
content-hash = "f5a4b0dd21d8fdad796fd6e9fd7c5be1803269f6cb56cd1d47e8c7f6661a3f36"
